
Microsoft Visual Studio Solution File, Format Version 12.00
# Visual Studio Version 16
VisualStudioVersion = 16.0.29905.134
MinimumVisualStudioVersion = 10.0.40219.1
Project("{8BC9CEB8-8B4A-11D0-8D11-00A0C91BC942}") = "programmers_1_1", "programmers_1\programmers_1.vcxproj", "{47311D7F-CFF9-46EC-BBFC-394BA5648A33}"
EndProject
Project("{8BC9CEB8-8B4A-11D0-8D11-00A0C91BC942}") = "programmers_1_2", "programmers_1_2\programmers_1_2.vcxproj", "{9414D69E-9345-45CB-9863-B11E873A6B97}"
EndProject
Project("{8BC9CEB8-8B4A-11D0-8D11-00A0C91BC942}") = "programmers_1_3", "programmers_1_3\programmers_1_3.vcxproj", "{5764C987-CFC6-4914-B107-D8F15A366535}"
EndProject
Project("{8BC9CEB8-8B4A-11D0-8D11-00A0C91BC942}") = "programmers_1_4", "programmers_1_4\programmers_1_4.vcxproj", "{1C395195-2E26-4614-ADAD-133C820942E0}"
EndProject
Project("{8BC9CEB8-8B4A-11D0-8D11-00A0C91BC942}") = "programmers_1_5", "programmers_1_5\programmers_1_5.vcxproj", "{59193618-D759-4350-BA88-F161A49A277A}"
EndProject
Project("{8BC9CEB8-8B4A-11D0-8D11-00A0C91BC942}") = "programmers_1_6", "programmers_1_6\programmers_1_6.vcxproj", "{9DB9DF20-3341-4C92-87C6-68921BF7F766}"
EndProject
Project("{8BC9CEB8-8B4A-11D0-8D11-00A0C91BC942}") = "programmers_1_7", "programmers_1_7\programmers_1_7.vcxproj", "{0E3BBE0A-FFB4-424B-B6C7-8E075496D8EC}"
EndProject
Project("{8BC9CEB8-8B4A-11D0-8D11-00A0C91BC942}") = "programmers_1_8", "programmers_1_8\programmers_1_8.vcxproj", "{46F8F469-790A-4A4E-A4AA-2EEE39BC4D06}"
EndProject
Project("{8BC9CEB8-8B4A-11D0-8D11-00A0C91BC942}") = "programmers_1_9", "programmers_1_9\programmers_1_9.vcxproj", "{ED6CBBE5-4CCD-4E34-B27B-D3BCB8EC7114}"
EndProject
Project("{8BC9CEB8-8B4A-11D0-8D11-00A0C91BC942}") = "programmers_1_10", "programmers_1_10\programmers_1_10.vcxproj", "{10BC0792-6DD6-40D9-9273-ECC83BA7AD5E}"
EndProject
Project("{8BC9CEB8-8B4A-11D0-8D11-00A0C91BC942}") = "programmers_1_11", "programmers_1_11\programmers_1_11.vcxproj", "{526947C4-0C7D-43EB-AB7C-AEEF6C9D2301}"
EndProject
Project("{8BC9CEB8-8B4A-11D0-8D11-00A0C91BC942}") = "programmers_1_12", "programmers_1_12\programmers_1_12.vcxproj", "{7F490308-D61D-416A-804A-B5B34D89A74C}"
EndProject
Project("{8BC9CEB8-8B4A-11D0-8D11-00A0C91BC942}") = "programmers_1_13", "programmers_1_13\programmers_1_13.vcxproj", "{40F48170-3CC8-4F79-B804-EFF66937FA05}"
EndProject
Project("{8BC9CEB8-8B4A-11D0-8D11-00A0C91BC942}") = "programmers_1_14", "programmers_1_14\programmers_1_14.vcxproj", "{BEACEA9D-7294-42B2-A8C9-E23E1ABFA88F}"
EndProject
Project("{8BC9CEB8-8B4A-11D0-8D11-00A0C91BC942}") = "programmers_1_15", "programmers_1_15\programmers_1_15.vcxproj", "{96083A05-EA88-4A82-9F8D-AF336C135537}"
EndProject
Global
	GlobalSection(SolutionConfigurationPlatforms) = preSolution
		Debug|x64 = Debug|x64
		Debug|x86 = Debug|x86
		Release|x64 = Release|x64
		Release|x86 = Release|x86
	EndGlobalSection
	GlobalSection(ProjectConfigurationPlatforms) = postSolution
		{47311D7F-CFF9-46EC-BBFC-394BA5648A33}.Debug|x64.ActiveCfg = Debug|x64
		{47311D7F-CFF9-46EC-BBFC-394BA5648A33}.Debug|x64.Build.0 = Debug|x64
		{47311D7F-CFF9-46EC-BBFC-394BA5648A33}.Debug|x86.ActiveCfg = Debug|Win32
		{47311D7F-CFF9-46EC-BBFC-394BA5648A33}.Debug|x86.Build.0 = Debug|Win32
		{47311D7F-CFF9-46EC-BBFC-394BA5648A33}.Release|x64.ActiveCfg = Release|x64
		{47311D7F-CFF9-46EC-BBFC-394BA5648A33}.Release|x64.Build.0 = Release|x64
		{47311D7F-CFF9-46EC-BBFC-394BA5648A33}.Release|x86.ActiveCfg = Release|Win32
		{47311D7F-CFF9-46EC-BBFC-394BA5648A33}.Release|x86.Build.0 = Release|Win32
		{9414D69E-9345-45CB-9863-B11E873A6B97}.Debug|x64.ActiveCfg = Debug|x64
		{9414D69E-9345-45CB-9863-B11E873A6B97}.Debug|x64.Build.0 = Debug|x64
		{9414D69E-9345-45CB-9863-B11E873A6B97}.Debug|x86.ActiveCfg = Debug|Win32
		{9414D69E-9345-45CB-9863-B11E873A6B97}.Debug|x86.Build.0 = Debug|Win32
		{9414D69E-9345-45CB-9863-B11E873A6B97}.Release|x64.ActiveCfg = Release|x64
		{9414D69E-9345-45CB-9863-B11E873A6B97}.Release|x64.Build.0 = Release|x64
		{9414D69E-9345-45CB-9863-B11E873A6B97}.Release|x86.ActiveCfg = Release|Win32
		{9414D69E-9345-45CB-9863-B11E873A6B97}.Release|x86.Build.0 = Release|Win32
		{5764C987-CFC6-4914-B107-D8F15A366535}.Debug|x64.ActiveCfg = Debug|x64
		{5764C987-CFC6-4914-B107-D8F15A366535}.Debug|x64.Build.0 = Debug|x64
		{5764C987-CFC6-4914-B107-D8F15A366535}.Debug|x86.ActiveCfg = Debug|Win32
		{5764C987-CFC6-4914-B107-D8F15A366535}.Debug|x86.Build.0 = Debug|Win32
		{5764C987-CFC6-4914-B107-D8F15A366535}.Release|x64.ActiveCfg = Release|x64
		{5764C987-CFC6-4914-B107-D8F15A366535}.Release|x64.Build.0 = Release|x64
		{5764C987-CFC6-4914-B107-D8F15A366535}.Release|x86.ActiveCfg = Release|Win32
		{5764C987-CFC6-4914-B107-D8F15A366535}.Release|x86.Build.0 = Release|Win32
		{1C395195-2E26-4614-ADAD-133C820942E0}.Debug|x64.ActiveCfg = Debug|x64
		{1C395195-2E26-4614-ADAD-133C820942E0}.Debug|x64.Build.0 = Debug|x64
		{1C395195-2E26-4614-ADAD-133C820942E0}.Debug|x86.ActiveCfg = Debug|Win32
		{1C395195-2E26-4614-ADAD-133C820942E0}.Debug|x86.Build.0 = Debug|Win32
		{1C395195-2E26-4614-ADAD-133C820942E0}.Release|x64.ActiveCfg = Release|x64
		{1C395195-2E26-4614-ADAD-133C820942E0}.Release|x64.Build.0 = Release|x64
		{1C395195-2E26-4614-ADAD-133C820942E0}.Release|x86.ActiveCfg = Release|Win32
		{1C395195-2E26-4614-ADAD-133C820942E0}.Release|x86.Build.0 = Release|Win32
		{59193618-D759-4350-BA88-F161A49A277A}.Debug|x64.ActiveCfg = Debug|x64
		{59193618-D759-4350-BA88-F161A49A277A}.Debug|x64.Build.0 = Debug|x64
		{59193618-D759-4350-BA88-F161A49A277A}.Debug|x86.ActiveCfg = Debug|Win32
		{59193618-D759-4350-BA88-F161A49A277A}.Debug|x86.Build.0 = Debug|Win32
		{59193618-D759-4350-BA88-F161A49A277A}.Release|x64.ActiveCfg = Release|x64
		{59193618-D759-4350-BA88-F161A49A277A}.Release|x64.Build.0 = Release|x64
		{59193618-D759-4350-BA88-F161A49A277A}.Release|x86.ActiveCfg = Release|Win32
		{59193618-D759-4350-BA88-F161A49A277A}.Release|x86.Build.0 = Release|Win32
		{9DB9DF20-3341-4C92-87C6-68921BF7F766}.Debug|x64.ActiveCfg = Debug|x64
		{9DB9DF20-3341-4C92-87C6-68921BF7F766}.Debug|x64.Build.0 = Debug|x64
		{9DB9DF20-3341-4C92-87C6-68921BF7F766}.Debug|x86.ActiveCfg = Debug|Win32
		{9DB9DF20-3341-4C92-87C6-68921BF7F766}.Debug|x86.Build.0 = Debug|Win32
		{9DB9DF20-3341-4C92-87C6-68921BF7F766}.Release|x64.ActiveCfg = Release|x64
		{9DB9DF20-3341-4C92-87C6-68921BF7F766}.Release|x64.Build.0 = Release|x64
		{9DB9DF20-3341-4C92-87C6-68921BF7F766}.Release|x86.ActiveCfg = Release|Win32
		{9DB9DF20-3341-4C92-87C6-68921BF7F766}.Release|x86.Build.0 = Release|Win32
		{0E3BBE0A-FFB4-424B-B6C7-8E075496D8EC}.Debug|x64.ActiveCfg = Debug|x64
		{0E3BBE0A-FFB4-424B-B6C7-8E075496D8EC}.Debug|x64.Build.0 = Debug|x64
		{0E3BBE0A-FFB4-424B-B6C7-8E075496D8EC}.Debug|x86.ActiveCfg = Debug|Win32
		{0E3BBE0A-FFB4-424B-B6C7-8E075496D8EC}.Debug|x86.Build.0 = Debug|Win32
		{0E3BBE0A-FFB4-424B-B6C7-8E075496D8EC}.Release|x64.ActiveCfg = Release|x64
		{0E3BBE0A-FFB4-424B-B6C7-8E075496D8EC}.Release|x64.Build.0 = Release|x64
		{0E3BBE0A-FFB4-424B-B6C7-8E075496D8EC}.Release|x86.ActiveCfg = Release|Win32
		{0E3BBE0A-FFB4-424B-B6C7-8E075496D8EC}.Release|x86.Build.0 = Release|Win32
		{46F8F469-790A-4A4E-A4AA-2EEE39BC4D06}.Debug|x64.ActiveCfg = Debug|x64
		{46F8F469-790A-4A4E-A4AA-2EEE39BC4D06}.Debug|x64.Build.0 = Debug|x64
		{46F8F469-790A-4A4E-A4AA-2EEE39BC4D06}.Debug|x86.ActiveCfg = Debug|Win32
		{46F8F469-790A-4A4E-A4AA-2EEE39BC4D06}.Debug|x86.Build.0 = Debug|Win32
		{46F8F469-790A-4A4E-A4AA-2EEE39BC4D06}.Release|x64.ActiveCfg = Release|x64
		{46F8F469-790A-4A4E-A4AA-2EEE39BC4D06}.Release|x64.Build.0 = Release|x64
		{46F8F469-790A-4A4E-A4AA-2EEE39BC4D06}.Release|x86.ActiveCfg = Release|Win32
		{46F8F469-790A-4A4E-A4AA-2EEE39BC4D06}.Release|x86.Build.0 = Release|Win32
		{ED6CBBE5-4CCD-4E34-B27B-D3BCB8EC7114}.Debug|x64.ActiveCfg = Debug|x64
		{ED6CBBE5-4CCD-4E34-B27B-D3BCB8EC7114}.Debug|x64.Build.0 = Debug|x64
		{ED6CBBE5-4CCD-4E34-B27B-D3BCB8EC7114}.Debug|x86.ActiveCfg = Debug|Win32
		{ED6CBBE5-4CCD-4E34-B27B-D3BCB8EC7114}.Debug|x86.Build.0 = Debug|Win32
		{ED6CBBE5-4CCD-4E34-B27B-D3BCB8EC7114}.Release|x64.ActiveCfg = Release|x64
		{ED6CBBE5-4CCD-4E34-B27B-D3BCB8EC7114}.Release|x64.Build.0 = Release|x64
		{ED6CBBE5-4CCD-4E34-B27B-D3BCB8EC7114}.Release|x86.ActiveCfg = Release|Win32
		{ED6CBBE5-4CCD-4E34-B27B-D3BCB8EC7114}.Release|x86.Build.0 = Release|Win32
		{10BC0792-6DD6-40D9-9273-ECC83BA7AD5E}.Debug|x64.ActiveCfg = Debug|x64
		{10BC0792-6DD6-40D9-9273-ECC83BA7AD5E}.Debug|x64.Build.0 = Debug|x64
		{10BC0792-6DD6-40D9-9273-ECC83BA7AD5E}.Debug|x86.ActiveCfg = Debug|Win32
		{10BC0792-6DD6-40D9-9273-ECC83BA7AD5E}.Debug|x86.Build.0 = Debug|Win32
		{10BC0792-6DD6-40D9-9273-ECC83BA7AD5E}.Release|x64.ActiveCfg = Release|x64
		{10BC0792-6DD6-40D9-9273-ECC83BA7AD5E}.Release|x64.Build.0 = Release|x64
		{10BC0792-6DD6-40D9-9273-ECC83BA7AD5E}.Release|x86.ActiveCfg = Release|Win32
		{10BC0792-6DD6-40D9-9273-ECC83BA7AD5E}.Release|x86.Build.0 = Release|Win32
		{526947C4-0C7D-43EB-AB7C-AEEF6C9D2301}.Debug|x64.ActiveCfg = Debug|x64
		{526947C4-0C7D-43EB-AB7C-AEEF6C9D2301}.Debug|x64.Build.0 = Debug|x64
		{526947C4-0C7D-43EB-AB7C-AEEF6C9D2301}.Debug|x86.ActiveCfg = Debug|Win32
		{526947C4-0C7D-43EB-AB7C-AEEF6C9D2301}.Debug|x86.Build.0 = Debug|Win32
		{526947C4-0C7D-43EB-AB7C-AEEF6C9D2301}.Release|x64.ActiveCfg = Release|x64
		{526947C4-0C7D-43EB-AB7C-AEEF6C9D2301}.Release|x64.Build.0 = Release|x64
		{526947C4-0C7D-43EB-AB7C-AEEF6C9D2301}.Release|x86.ActiveCfg = Release|Win32
		{526947C4-0C7D-43EB-AB7C-AEEF6C9D2301}.Release|x86.Build.0 = Release|Win32
		{7F490308-D61D-416A-804A-B5B34D89A74C}.Debug|x64.ActiveCfg = Debug|x64
		{7F490308-D61D-416A-804A-B5B34D89A74C}.Debug|x64.Build.0 = Debug|x64
		{7F490308-D61D-416A-804A-B5B34D89A74C}.Debug|x86.ActiveCfg = Debug|Win32
		{7F490308-D61D-416A-804A-B5B34D89A74C}.Debug|x86.Build.0 = Debug|Win32
		{7F490308-D61D-416A-804A-B5B34D89A74C}.Release|x64.ActiveCfg = Release|x64
		{7F490308-D61D-416A-804A-B5B34D89A74C}.Release|x64.Build.0 = Release|x64
		{7F490308-D61D-416A-804A-B5B34D89A74C}.Release|x86.ActiveCfg = Release|Win32
		{7F490308-D61D-416A-804A-B5B34D89A74C}.Release|x86.Build.0 = Release|Win32
		{40F48170-3CC8-4F79-B804-EFF66937FA05}.Debug|x64.ActiveCfg = Debug|x64
		{40F48170-3CC8-4F79-B804-EFF66937FA05}.Debug|x64.Build.0 = Debug|x64
		{40F48170-3CC8-4F79-B804-EFF66937FA05}.Debug|x86.ActiveCfg = Debug|Win32
		{40F48170-3CC8-4F79-B804-EFF66937FA05}.Debug|x86.Build.0 = Debug|Win32
		{40F48170-3CC8-4F79-B804-EFF66937FA05}.Release|x64.ActiveCfg = Release|x64
		{40F48170-3CC8-4F79-B804-EFF66937FA05}.Release|x64.Build.0 = Release|x64
		{40F48170-3CC8-4F79-B804-EFF66937FA05}.Release|x86.ActiveCfg = Release|Win32
		{40F48170-3CC8-4F79-B804-EFF66937FA05}.Release|x86.Build.0 = Release|Win32
		{BEACEA9D-7294-42B2-A8C9-E23E1ABFA88F}.Debug|x64.ActiveCfg = Debug|x64
		{BEACEA9D-7294-42B2-A8C9-E23E1ABFA88F}.Debug|x64.Build.0 = Debug|x64
		{BEACEA9D-7294-42B2-A8C9-E23E1ABFA88F}.Debug|x86.ActiveCfg = Debug|Win32
		{BEACEA9D-7294-42B2-A8C9-E23E1ABFA88F}.Debug|x86.Build.0 = Debug|Win32
		{BEACEA9D-7294-42B2-A8C9-E23E1ABFA88F}.Release|x64.ActiveCfg = Release|x64
		{BEACEA9D-7294-42B2-A8C9-E23E1ABFA88F}.Release|x64.Build.0 = Release|x64
		{BEACEA9D-7294-42B2-A8C9-E23E1ABFA88F}.Release|x86.ActiveCfg = Release|Win32
		{BEACEA9D-7294-42B2-A8C9-E23E1ABFA88F}.Release|x86.Build.0 = Release|Win32
		{96083A05-EA88-4A82-9F8D-AF336C135537}.Debug|x64.ActiveCfg = Debug|x64
		{96083A05-EA88-4A82-9F8D-AF336C135537}.Debug|x64.Build.0 = Debug|x64
		{96083A05-EA88-4A82-9F8D-AF336C135537}.Debug|x86.ActiveCfg = Debug|Win32
		{96083A05-EA88-4A82-9F8D-AF336C135537}.Debug|x86.Build.0 = Debug|Win32
		{96083A05-EA88-4A82-9F8D-AF336C135537}.Release|x64.ActiveCfg = Release|x64
		{96083A05-EA88-4A82-9F8D-AF336C135537}.Release|x64.Build.0 = Release|x64
		{96083A05-EA88-4A82-9F8D-AF336C135537}.Release|x86.ActiveCfg = Release|Win32
		{96083A05-EA88-4A82-9F8D-AF336C135537}.Release|x86.Build.0 = Release|Win32
	EndGlobalSection
	GlobalSection(SolutionProperties) = preSolution
		HideSolutionNode = FALSE
	EndGlobalSection
	GlobalSection(ExtensibilityGlobals) = postSolution
		SolutionGuid = {F545A5E5-70BA-42F9-A2CC-6F98045C111A}
	EndGlobalSection
EndGlobal
